
Microsoft Visual Studio Solution File, Format Version 12.00
# Visual Studio 15
VisualStudioVersion = 15.0.26403.7
MinimumVisualStudioVersion = 10.0.40219.1
Project("{2150E333-8FDC-42A3-9474-1A3956D46DE8}") = "Feature", "Feature", "{870B7E35-36EC-4726-9341-CBDD1D1F2044}"
EndProject
Project("{2150E333-8FDC-42A3-9474-1A3956D46DE8}") = "Foundation", "Foundation", "{412EB967-2017-49A1-B277-57FBD06BF14C}"
EndProject
Project("{2150E333-8FDC-42A3-9474-1A3956D46DE8}") = "Project", "Project", "{2DFE122E-9204-47F2-ADDF-57851380870A}"
EndProject
Project("{2150E333-8FDC-42A3-9474-1A3956D46DE8}") = "Configuration", "Configuration", "{B2CA4C84-251C-46D3-89A6-2FBA2853623F}"
	ProjectSection(SolutionItems) = preProject
		gulp-config.js = gulp-config.js
		gulpfile.js = gulpfile.js
		package.json = package.json
		publishsettings.targets = publishsettings.targets
		src\Project\WFFMEngine\code\App_Config\Include\Project\z.WFFMEngine.DevSettings.config = src\Project\WFFMEngine\code\App_Config\Include\Project\z.WFFMEngine.DevSettings.config
	EndProjectSection
EndProject
Project("{2150E333-8FDC-42A3-9474-1A3956D46DE8}") = "WFFMEngine", "WFFMEngine", "{37F2F733-2C8A-46DC-96C1-FFF2808B2F76}"
EndProject
Project("{FAE04EC0-301F-11D3-BF4B-00C04F79EFBC}") = "XC.WFFMEngine.Website", "src\Project\WFFMEngine\code\XC.WFFMEngine.Website.csproj", "{309D0A9F-CC0B-4C55-97DE-47D6769289F6}"
EndProject
Project("{2150E333-8FDC-42A3-9474-1A3956D46DE8}") = "Serialization", "Serialization", "{8AE89042-E23F-4113-953E-67561A07A3AF}"
EndProject
Project("{FAE04EC0-301F-11D3-BF4B-00C04F79EFBC}") = "XC.WFFMEngine.Serialization", "src\Foundation\Serialization\code\XC.WFFMEngine.Serialization.csproj", "{64DB29D9-0478-4418-AF3B-2462AFAC80AB}"
EndProject
Project("{2150E333-8FDC-42A3-9474-1A3956D46DE8}") = "Common", "Common", "{D481786F-DB78-49E2-83DA-81C19950C9A9}"
EndProject
Project("{FAE04EC0-301F-11D3-BF4B-00C04F79EFBC}") = "XC.WFFMEngine.Common", "src\Project\Common\code\XC.WFFMEngine.Common.csproj", "{D7FC754F-F8FD-43F2-BB79-F20BC50547C1}"
EndProject
Project("{2150E333-8FDC-42A3-9474-1A3956D46DE8}") = "Accounts", "Accounts", "{0D963702-B6AA-469C-8CFB-04690A3CEA78}"
EndProject
Project("{FAE04EC0-301F-11D3-BF4B-00C04F79EFBC}") = "XC.Feature.Accounts", "src\Feature\Accounts\code\XC.Feature.Accounts.csproj", "{2587C9DB-8CAF-4243-83D7-A68DF172F9A8}"
EndProject
Project("{2150E333-8FDC-42A3-9474-1A3956D46DE8}") = "Forms", "Forms", "{BC80AB15-1E5C-4296-A228-1921FEA2484D}"
EndProject
Project("{FAE04EC0-301F-11D3-BF4B-00C04F79EFBC}") = "XC.Feature.Forms", "src\Feature\Forms\code\XC.Feature.Forms.csproj", "{7B4F5B50-D1CD-4020-9B0C-B1EF7E6B559C}"
EndProject
Project("{2150E333-8FDC-42A3-9474-1A3956D46DE8}") = "SitecoreExtensions", "SitecoreExtensions", "{0625242B-8D0E-41C6-8D50-C8FA04EF5A69}"
EndProject
Project("{FAE04EC0-301F-11D3-BF4B-00C04F79EFBC}") = "XC.Foundation.SitecoreExtensions", "src\Foundation\SitecoreExtensions\code\XC.Foundation.SitecoreExtensions.csproj", "{980F3F02-6ABA-4A5B-A641-8A80D7DF01DD}"
EndProject
Project("{2150E333-8FDC-42A3-9474-1A3956D46DE8}") = "Forms", "Forms", "{063A2CD7-E012-4C54-854B-C4F4F2932C46}"
EndProject
Project("{FAE04EC0-301F-11D3-BF4B-00C04F79EFBC}") = "XC.Foundation.Forms", "src\Foundation\Forms\code\XC.Foundation.Forms.csproj", "{00E0F581-177D-4FE6-A4C5-DC120C20E0FB}"
EndProject
Global
	GlobalSection(SolutionConfigurationPlatforms) = preSolution
		Debug|Any CPU = Debug|Any CPU
		Release|Any CPU = Release|Any CPU
	EndGlobalSection
	GlobalSection(ProjectConfigurationPlatforms) = postSolution
		{309D0A9F-CC0B-4C55-97DE-47D6769289F6}.Debug|Any CPU.ActiveCfg = Debug|Any CPU
		{309D0A9F-CC0B-4C55-97DE-47D6769289F6}.Debug|Any CPU.Build.0 = Debug|Any CPU
		{309D0A9F-CC0B-4C55-97DE-47D6769289F6}.Release|Any CPU.ActiveCfg = Release|Any CPU
		{309D0A9F-CC0B-4C55-97DE-47D6769289F6}.Release|Any CPU.Build.0 = Release|Any CPU
		{64DB29D9-0478-4418-AF3B-2462AFAC80AB}.Debug|Any CPU.ActiveCfg = Debug|Any CPU
		{64DB29D9-0478-4418-AF3B-2462AFAC80AB}.Debug|Any CPU.Build.0 = Debug|Any CPU
		{64DB29D9-0478-4418-AF3B-2462AFAC80AB}.Release|Any CPU.ActiveCfg = Release|Any CPU
		{64DB29D9-0478-4418-AF3B-2462AFAC80AB}.Release|Any CPU.Build.0 = Release|Any CPU
		{D7FC754F-F8FD-43F2-BB79-F20BC50547C1}.Debug|Any CPU.ActiveCfg = Debug|Any CPU
		{D7FC754F-F8FD-43F2-BB79-F20BC50547C1}.Debug|Any CPU.Build.0 = Debug|Any CPU
		{D7FC754F-F8FD-43F2-BB79-F20BC50547C1}.Release|Any CPU.ActiveCfg = Release|Any CPU
		{D7FC754F-F8FD-43F2-BB79-F20BC50547C1}.Release|Any CPU.Build.0 = Release|Any CPU
		{2587C9DB-8CAF-4243-83D7-A68DF172F9A8}.Debug|Any CPU.ActiveCfg = Debug|Any CPU
		{2587C9DB-8CAF-4243-83D7-A68DF172F9A8}.Debug|Any CPU.Build.0 = Debug|Any CPU
		{2587C9DB-8CAF-4243-83D7-A68DF172F9A8}.Release|Any CPU.ActiveCfg = Release|Any CPU
		{2587C9DB-8CAF-4243-83D7-A68DF172F9A8}.Release|Any CPU.Build.0 = Release|Any CPU
		{7B4F5B50-D1CD-4020-9B0C-B1EF7E6B559C}.Debug|Any CPU.ActiveCfg = Debug|Any CPU
		{7B4F5B50-D1CD-4020-9B0C-B1EF7E6B559C}.Debug|Any CPU.Build.0 = Debug|Any CPU
		{7B4F5B50-D1CD-4020-9B0C-B1EF7E6B559C}.Release|Any CPU.ActiveCfg = Release|Any CPU
		{7B4F5B50-D1CD-4020-9B0C-B1EF7E6B559C}.Release|Any CPU.Build.0 = Release|Any CPU
		{980F3F02-6ABA-4A5B-A641-8A80D7DF01DD}.Debug|Any CPU.ActiveCfg = Debug|Any CPU
		{980F3F02-6ABA-4A5B-A641-8A80D7DF01DD}.Debug|Any CPU.Build.0 = Debug|Any CPU
		{980F3F02-6ABA-4A5B-A641-8A80D7DF01DD}.Release|Any CPU.ActiveCfg = Release|Any CPU
		{980F3F02-6ABA-4A5B-A641-8A80D7DF01DD}.Release|Any CPU.Build.0 = Release|Any CPU
		{00E0F581-177D-4FE6-A4C5-DC120C20E0FB}.Debug|Any CPU.ActiveCfg = Debug|Any CPU
		{00E0F581-177D-4FE6-A4C5-DC120C20E0FB}.Debug|Any CPU.Build.0 = Debug|Any CPU
		{00E0F581-177D-4FE6-A4C5-DC120C20E0FB}.Release|Any CPU.ActiveCfg = Release|Any CPU
		{00E0F581-177D-4FE6-A4C5-DC120C20E0FB}.Release|Any CPU.Build.0 = Release|Any CPU
	EndGlobalSection
	GlobalSection(SolutionProperties) = preSolution
		HideSolutionNode = FALSE
	EndGlobalSection
	GlobalSection(NestedProjects) = preSolution
		{37F2F733-2C8A-46DC-96C1-FFF2808B2F76} = {2DFE122E-9204-47F2-ADDF-57851380870A}
		{309D0A9F-CC0B-4C55-97DE-47D6769289F6} = {37F2F733-2C8A-46DC-96C1-FFF2808B2F76}
		{8AE89042-E23F-4113-953E-67561A07A3AF} = {412EB967-2017-49A1-B277-57FBD06BF14C}
		{64DB29D9-0478-4418-AF3B-2462AFAC80AB} = {8AE89042-E23F-4113-953E-67561A07A3AF}
		{D481786F-DB78-49E2-83DA-81C19950C9A9} = {2DFE122E-9204-47F2-ADDF-57851380870A}
		{D7FC754F-F8FD-43F2-BB79-F20BC50547C1} = {D481786F-DB78-49E2-83DA-81C19950C9A9}
		{0D963702-B6AA-469C-8CFB-04690A3CEA78} = {870B7E35-36EC-4726-9341-CBDD1D1F2044}
		{2587C9DB-8CAF-4243-83D7-A68DF172F9A8} = {0D963702-B6AA-469C-8CFB-04690A3CEA78}
		{BC80AB15-1E5C-4296-A228-1921FEA2484D} = {870B7E35-36EC-4726-9341-CBDD1D1F2044}
		{7B4F5B50-D1CD-4020-9B0C-B1EF7E6B559C} = {BC80AB15-1E5C-4296-A228-1921FEA2484D}
		{0625242B-8D0E-41C6-8D50-C8FA04EF5A69} = {412EB967-2017-49A1-B277-57FBD06BF14C}
		{980F3F02-6ABA-4A5B-A641-8A80D7DF01DD} = {0625242B-8D0E-41C6-8D50-C8FA04EF5A69}
		{063A2CD7-E012-4C54-854B-C4F4F2932C46} = {412EB967-2017-49A1-B277-57FBD06BF14C}
		{00E0F581-177D-4FE6-A4C5-DC120C20E0FB} = {063A2CD7-E012-4C54-854B-C4F4F2932C46}
	EndGlobalSection
EndGlobal
